
Microsoft Visual Studio Solution File, Format Version 12.00
# Visual Studio Version 17
VisualStudioVersion = 17.8.34525.116
MinimumVisualStudioVersion = 10.0.40219.1
Project("{FAE04EC0-301F-11D3-BF4B-00C04F79EFBC}") = "PasswordManager", "PasswordManager\PasswordManager.csproj", "{970F52B8-8103-4B9E-A65E-01E61BDB2C8B}"
EndProject
Global
	GlobalSection(SolutionConfigurationPlatforms) = preSolution
		Debug|Any CPU = Debug|Any CPU
		Release|Any CPU = Release|Any CPU
	EndGlobalSection
	GlobalSection(ProjectConfigurationPlatforms) = postSolution
		{970F52B8-8103-4B9E-A65E-01E61BDB2C8B}.Debug|Any CPU.ActiveCfg = Debug|Any CPU
		{970F52B8-8103-4B9E-A65E-01E61BDB2C8B}.Debug|Any CPU.Build.0 = Debug|Any CPU
		{970F52B8-8103-4B9E-A65E-01E61BDB2C8B}.Release|Any CPU.ActiveCfg = Release|Any CPU
		{970F52B8-8103-4B9E-A65E-01E61BDB2C8B}.Release|Any CPU.Build.0 = Release|Any CPU
	EndGlobalSection
	GlobalSection(SolutionProperties) = preSolution
		HideSolutionNode = FALSE
	EndGlobalSection
	GlobalSection(ExtensibilityGlobals) = postSolution
		SolutionGuid = {033F4CE0-B5A2-43F5-92D8-68EC7664A39D}
	EndGlobalSection
EndGlobal
